{
  "name": "frontEnd",
  "lockfileVersion": 2,
  "requires": true,
  "packages": {
    "": {
      "dependencies": {
        "leaflet-boundary-canvas": "^1.0.0"
      }
    },
    "node_modules/leaflet-boundary-canvas": {
      "version": "1.0.0",
      "resolved": "https://registry.npmjs.org/leaflet-boundary-canvas/-/leaflet-boundary-canvas-1.0.0.tgz",
      "integrity": "sha512-+0kTmtqOBIKM5iOI8lywAAPHpKVHBSkyjdg/UvPW+M9moc8f1lBWaF7KEL6uc5cL3FAQf5J66bRFtJQ0bxPoLA=="
    }
  },
  "dependencies": {
    "leaflet-boundary-canvas": {
      "version": "1.0.0",
      "resolved": "https://registry.npmjs.org/leaflet-boundary-canvas/-/leaflet-boundary-canvas-1.0.0.tgz",
      "integrity": "sha512-+0kTmtqOBIKM5iOI8lywAAPHpKVHBSkyjdg/UvPW+M9moc8f1lBWaF7KEL6uc5cL3FAQf5J66bRFtJQ0bxPoLA=="
    }
  }
}
